github.com/alpinejs/alpine v2.4.0+incompatible h1:FrbSMJDAYuGEuSN/JxlZ57OkYQNuJHEkDU3RY1c8eFU=
github.com/alpinejs/alpine v2.4.0+incompatible/go.mod h1:BKI81egATMnaKqFeX5HEfYMnjZjcjcZmrYAu5Nck+EY=
github.com/alpinejs/alpine v2.5.0+incompatible h1:dEOJPy27Kdno2wI51sr8ZkU+7QaLmLYLPD2sZfVe3Fw=
github.com/alpinejs/alpine v2.5.0+incompatible/go.mod h1:BKI81egATMnaKqFeX5HEfYMnjZjcjcZmrYAu5Nck+EY=
github.com/alpinejs/alpine v2.6.0+incompatible h1:WVtZll4bFK0ODpLdd+I6CFMWFaqVcgy8zjZOyC4l0s4=
github.com/alpinejs/alpine v2.6.0+incompatible/go.mod h1:BKI81egATMnaKqFeX5HEfYMnjZjcjcZmrYAu5Nck+EY=
