github.com/SimoTod/alpine-turbolinks-adapter v0.3.0 h1:5Y+s5YjlJc7eTYVBySSUsrOldkyIriXY3mfWQ0lAEic=
github.com/SimoTod/alpine-turbolinks-adapter v0.3.0/go.mod h1:KebmHFXD933AzXtw24J3MbhcN7lrdMvIbmU3H7sex+M=
github.com/SimoTod/alpine-turbolinks-adapter v1.0.2 h1:j75SevjoZwzMn/CjHJJRjW9W9KKCJEmsL3QBXDlBl7w=
github.com/SimoTod/alpine-turbolinks-adapter v1.0.2/go.mod h1:KebmHFXD933AzXtw24J3MbhcN7lrdMvIbmU3H7sex+M=
github.com/alpinejs/alpine v2.4.0+incompatible h1:FrbSMJDAYuGEuSN/JxlZ57OkYQNuJHEkDU3RY1c8eFU=
github.com/alpinejs/alpine v2.4.0+incompatible/go.mod h1:BKI81egATMnaKqFeX5HEfYMnjZjcjcZmrYAu5Nck+EY=
github.com/alpinejs/alpine v2.5.0+incompatible h1:dEOJPy27Kdno2wI51sr8ZkU+7QaLmLYLPD2sZfVe3Fw=
github.com/alpinejs/alpine v2.5.0+incompatible/go.mod h1:BKI81egATMnaKqFeX5HEfYMnjZjcjcZmrYAu5Nck+EY=
github.com/alpinejs/alpine v2.6.0+incompatible h1:WVtZll4bFK0ODpLdd+I6CFMWFaqVcgy8zjZOyC4l0s4=
github.com/alpinejs/alpine v2.6.0+incompatible/go.mod h1:BKI81egATMnaKqFeX5HEfYMnjZjcjcZmrYAu5Nck+EY=
github.com/alpinejs/alpine v2.7.0+incompatible h1:uZDzk8Xy6mh533m05hi7JxJ2blJIswo9M3nJQyeVA/c=
github.com/alpinejs/alpine v2.7.0+incompatible/go.mod h1:BKI81egATMnaKqFeX5HEfYMnjZjcjcZmrYAu5Nck+EY=
github.com/alpinejs/alpine v2.8.0+incompatible h1:gSRM1X1MV+igNEKac7bBTGyaoO4uy+u1Zkm0mjMmZOA=
github.com/alpinejs/alpine v2.8.0+incompatible/go.mod h1:BKI81egATMnaKqFeX5HEfYMnjZjcjcZmrYAu5Nck+EY=
github.com/alpinejs/alpine v2.8.2+incompatible h1:WO8GLAdvObtsMH1h7bmURNk58OqkEltSpY10Y8sWRrw=
github.com/alpinejs/alpine v2.8.2+incompatible/go.mod h1:BKI81egATMnaKqFeX5HEfYMnjZjcjcZmrYAu5Nck+EY=
github.com/alpinejs/alpine v3.2.4+incompatible h1:ydWmAiCFGEicsZ5GiK4EM9U0h2fAPX9OlFsscb4q4CQ=
github.com/alpinejs/alpine v3.2.4+incompatible/go.mod h1:BKI81egATMnaKqFeX5HEfYMnjZjcjcZmrYAu5Nck+EY=
github.com/bep/alpine v1.12.1-0.20210902103828-ddc997133ccb h1:jCKw+kbIeK5n5414tcbLB88s6Rc7Ur4F7g1mk+8sS/0=
github.com/bep/alpine v1.12.1-0.20210902103828-ddc997133ccb/go.mod h1:A1TyYXMIzqAGKxatqj6fUTfROR3FCkY4eIL58PHaM4I=
github.com/bep/alpine v1.12.1-0.20210902104424-0ecbaaa098fc h1:LagdfH+Eh5yRCNMt0PBFXWEw69b7TZhRQV7wejodgzU=
github.com/bep/alpine v1.12.1-0.20210902104424-0ecbaaa098fc/go.mod h1:A1TyYXMIzqAGKxatqj6fUTfROR3FCkY4eIL58PHaM4I=
github.com/bep/alpine v3.2.4+incompatible h1:aDD7X7gD4K2J8MV2Qy4ihlQHcBGu/okGzZus4317mvQ=
github.com/bep/alpine v3.2.4+incompatible/go.mod h1:SJKVVbmUVFXcP+dwsSUsgqMsdmzmGoyW6fQ/Lu2t/6s=
github.com/bep/alpine/v3 v3.2.5-0.20210902104719-ebe255f6cc1d h1:nDFgqRuwcPY/SwbWN/XpuCQxJmISLWP8M33JtW7E0Yk=
github.com/bep/alpine/v3 v3.2.5-0.20210902104719-ebe255f6cc1d/go.mod h1:0VhemIWFjjBCkWVQ2IcOwgrphy2JI2+q+Vq6+17wq2M=
github.com/bep/alpine/v3 v3.2.5-0.20210909072824-e57ddbb5633e h1:jDkOGOjbWNmY3WxiQ7Rf9NPyzxiMaDA130soo9AiWs4=
github.com/bep/alpine/v3 v3.2.5-0.20210909072824-e57ddbb5633e/go.mod h1:0VhemIWFjjBCkWVQ2IcOwgrphy2JI2+q+Vq6+17wq2M=
github.com/bep/alpine/v3 v3.2.5-0.20210914072428-20e998471b85 h1:NurCoY5e8z0ItldyjaI66SPQIFd1Pb5RgSJpT+2/swY=
github.com/bep/alpine/v3 v3.2.5-0.20210914072428-20e998471b85/go.mod h1:0VhemIWFjjBCkWVQ2IcOwgrphy2JI2+q+Vq6+17wq2M=
github.com/bep/alpine/v3 v3.2.5-0.20210914075739-668379af38ea h1:LpkrwV81+3t4wNYxzAiRNuJzAY/z6PqJZ3bp6FAxn2o=
github.com/bep/alpine/v3 v3.2.5-0.20210914075739-668379af38ea/go.mod h1:0VhemIWFjjBCkWVQ2IcOwgrphy2JI2+q+Vq6+17wq2M=
github.com/bep/alpine/v3 v3.2.5-0.20210917071850-b66c26bdcfbf h1:MUlCRVN3PMnHKsWCO+S3hvYUYTPJonqDFaXJ0PyCyFc=
github.com/bep/alpine/v3 v3.2.5-0.20210917071850-b66c26bdcfbf/go.mod h1:0VhemIWFjjBCkWVQ2IcOwgrphy2JI2+q+Vq6+17wq2M=
github.com/bep/alpine/v3 v3.2.5-0.20210928081809-9fd8fd95a73c h1:+qgRJgvIKUH+wGAT7o3vebMD9s7SBneJ+JMmke6blUE=
github.com/bep/alpine/v3 v3.2.5-0.20210928081809-9fd8fd95a73c/go.mod h1:0VhemIWFjjBCkWVQ2IcOwgrphy2JI2+q+Vq6+17wq2M=
github.com/bep/alpine/v3 v3.2.5-0.20210928163740-33a7c54cdd3d h1:sQL8cW4wkzshSI3LgkpbJCThj0x3fousS5wZCMwWkoI=
github.com/bep/alpine/v3 v3.2.5-0.20210928163740-33a7c54cdd3d/go.mod h1:0VhemIWFjjBCkWVQ2IcOwgrphy2JI2+q+Vq6+17wq2M=
github.com/bep/alpine/v3 v3.2.5-0.20211005075525-13dd6f30a529 h1:eMF8e/OeJggvhkf94Sd/nN+w9tLf+Xwb1dr+H/vHtDs=
github.com/bep/alpine/v3 v3.2.5-0.20211005075525-13dd6f30a529/go.mod h1:0VhemIWFjjBCkWVQ2IcOwgrphy2JI2+q+Vq6+17wq2M=
github.com/vuejs/vue-next v3.0.2+incompatible h1:E8pORTa7zVeWrX3GxUNLK1QnnDh/SmRvc9KDahPpeF8=
github.com/vuejs/vue-next v3.0.2+incompatible/go.mod h1:ulo1XhaHAZB/k6wzZ6YaorEhSLNaoVQeLD/3heptfQQ=
github.com/vuejs/vue-next v3.2.6+incompatible h1:RsK3wlznUtSJ/TuQWcyc5outOjzmIzf+b4/SfmeD8xs=
github.com/vuejs/vue-next v3.2.6+incompatible/go.mod h1:ulo1XhaHAZB/k6wzZ6YaorEhSLNaoVQeLD/3heptfQQ=
