github.com/bep/turbo v0.0.0-20220913134225-9e6e0b9992f0 h1:eiYsjNInbhM9/TaqmIO9Yvz0q68zcQHblHz+IAlNyHA=
github.com/bep/turbo v0.0.0-20220913134225-9e6e0b9992f0/go.mod h1:cP3jeD6JT0LTNRVRBdnX+az2AO54Ll4tAPENx79xJ4A=
github.com/bep/turbo/v7 v7.0.0-20220913153645-98562c503dfe h1:PAu0ycvdlA4tfUdtfxQla1J/IrIykRFUvZRRidyukP0=
github.com/bep/turbo/v7 v7.0.0-20220913153645-98562c503dfe/go.mod h1:CIoAv+QVJtkr+kXn2ZmfJ/V4r3TPLR6CNMGvWjWqdSc=
github.com/bep/turbo/v7 v7.0.0-20220913155955-177360504ded h1:/TZH/L4QD4FOsm+uXMASOWiU7csZfEMpgf+TCeCpOec=
github.com/bep/turbo/v7 v7.0.0-20220913155955-177360504ded/go.mod h1:CIoAv+QVJtkr+kXn2ZmfJ/V4r3TPLR6CNMGvWjWqdSc=
github.com/bep/turbo/v7 v7.0.1-patch1 h1:2tMyUXhp/MGakNggqIfhc2cMEyMc2z9epZXzj9WdKwU=
github.com/bep/turbo/v7 v7.0.1-patch1/go.mod h1:CIoAv+QVJtkr+kXn2ZmfJ/V4r3TPLR6CNMGvWjWqdSc=
github.com/bep/turbo/v7 v7.20001.20100 h1:k/exSUTpju2RnS5A9fVGkw2ipYsS12kPi9xwmnhf+3Q=
github.com/bep/turbo/v7 v7.20001.20100/go.mod h1:CIoAv+QVJtkr+kXn2ZmfJ/V4r3TPLR6CNMGvWjWqdSc=
github.com/bep/turbo/v7 v7.20300.20000 h1:omrI4cPRwnLufr8S7jCo9JG95FVTM8hIEvJCtgbnhuc=
github.com/bep/turbo/v7 v7.20300.20000/go.mod h1:CIoAv+QVJtkr+kXn2ZmfJ/V4r3TPLR6CNMGvWjWqdSc=
github.com/hotwired/turbo v7.0.1+incompatible h1:DvY56vNgcvH0vkw4VqlAc/hfsTeMdcoOKTGgnoGH6ok=
github.com/hotwired/turbo v7.0.1+incompatible/go.mod h1:6XcpYEC+j8xb7URpSYwhlq4iq98M5F5T/jaLWNHVbZs=
github.com/turbolinks/turbolinks-source-gem v5.2.0+incompatible h1:UNx8t3fYB51UyUv3gOXpTPT7Q6u9LCdcXQd2iW1EClA=
github.com/turbolinks/turbolinks-source-gem v5.2.0+incompatible/go.mod h1:Cl0Br9tUXkQvxumVNGTvyaa7dqpFC2kPMrsS0Ttc94U=
